<?xml version="1.0" encoding="utf-8"?>
<Project ToolsVersion="4.0" xmlns="http://schemas.microsoft.com/developer/msbuild/2003">
  <ItemGroup>
    <Filter Include="Source Files">
      <UniqueIdentifier>{4FC737F1-C7A5-4376-A066-2A32D752A2FF}</UniqueIdentifier>
      <Extensions>cpp;c;cc;cxx;def;odl;idl;hpj;bat;asm;asmx</Extensions>
    </Filter>
    <Filter Include="Header Files">
      <UniqueIdentifier>{93995380-89BD-4b04-88EB-625FBE52EBFB}</UniqueIdentifier>
      <Extensions>h;hpp;hxx;hm;inl;inc;xsd</Extensions>
    </Filter>
    <Filter Include="Resource Files">
      <UniqueIdentifier>{67DA6AB6-F800-4c08-8B7A-83BB121AAD01}</UniqueIdentifier>
      <Extensions>rc;ico;cur;bmp;dlg;rc2;rct;bin;rgs;gif;jpg;jpeg;jpe;resx;tiff;tif;png;wav;mfcribbon-ms</Extensions>
    </Filter>
    <Filter Include="Header Files\Unit">
      <UniqueIdentifier>{ab304ac4-4622-42d6-acd3-555af105740a}</UniqueIdentifier>
    </Filter>
    <Filter Include="Header Files\Resource">
      <UniqueIdentifier>{3cd58599-268a-4229-a3a0-2afcddb0c91b}</UniqueIdentifier>
    </Filter>
    <Filter Include="Source Files\Resource">
      <UniqueIdentifier>{a60a321a-9fe1-4b2c-8e22-aff1d6827f26}</UniqueIdentifier>
    </Filter>
    <Filter Include="Header Files\Tile">
      <UniqueIdentifier>{b34df57a-9cd3-4d8f-af2e-d9dac52e96f4}</UniqueIdentifier>
    </Filter>
    <Filter Include="Header Files\Console">
      <UniqueIdentifier>{2222729d-caa0-414e-b2b3-e1f56a1506d1}</UniqueIdentifier>
    </Filter>
    <Filter Include="Source Files\Console">
      <UniqueIdentifier>{d8334523-deea-455e-83cd-7f074aab3f7b}</UniqueIdentifier>
    </Filter>
    <Filter Include="Header Files\State">
      <UniqueIdentifier>{b408a8f2-e6fa-4961-9de9-0f704cee13d2}</UniqueIdentifier>
    </Filter>
    <Filter Include="Source Files\State">
      <UniqueIdentifier>{5c126aa3-edc8-49af-a705-976c52c28934}</UniqueIdentifier>
    </Filter>
    <Filter Include="Header Files\Tile\Terrain">
      <UniqueIdentifier>{f4476f4b-6cc8-4f36-ad17-23983612ec9e}</UniqueIdentifier>
    </Filter>
    <Filter Include="Header Files\Tile\Property">
      <UniqueIdentifier>{d5060419-0bda-41f6-bf32-92b31fba073f}</UniqueIdentifier>
    </Filter>
    <Filter Include="Header Files\Utility">
      <UniqueIdentifier>{1ab41bd6-0eca-43f5-be02-7e8bb52d216f}</UniqueIdentifier>
    </Filter>
    <Filter Include="Header Files\Serialization">
      <UniqueIdentifier>{d69c9dab-50fe-466d-9e57-e3658485d5c0}</UniqueIdentifier>
    </Filter>
    <Filter Include="Header Files\Utility\Controller">
      <UniqueIdentifier>{07879ac5-2caf-4ae7-a75a-0ed832cc5011}</UniqueIdentifier>
    </Filter>
    <Filter Include="Header Files\Utility\Listener">
      <UniqueIdentifier>{aad4699f-5575-4884-a7bd-a63e8d5fd22a}</UniqueIdentifier>
    </Filter>
    <Filter Include="Header Files\Network">
      <UniqueIdentifier>{500f2a3b-53de-4bb2-84c7-a499b565093c}</UniqueIdentifier>
    </Filter>
  </ItemGroup>
  <ItemGroup>
    <ClCompile Include="main.cpp">
      <Filter>Source Files</Filter>
    </ClCompile>
    <ClCompile Include="unit.cpp">
      <Filter>Source Files</Filter>
    </ClCompile>
    <ClCompile Include="texture_manager.cpp">
      <Filter>Source Files\Resource</Filter>
    </ClCompile>
    <ClCompile Include="team.cpp">
      <Filter>Source Files</Filter>
    </ClCompile>
    <ClCompile Include="map.cpp">
      <Filter>Source Files</Filter>
    </ClCompile>
    <ClCompile Include="texture_loader.cpp">
      <Filter>Source Files\Resource</Filter>
    </ClCompile>
    <ClCompile Include="tile.cpp">
      <Filter>Source Files</Filter>
    </ClCompile>
    <ClCompile Include="skirmish.cpp">
      <Filter>Source Files</Filter>
    </ClCompile>
    <ClCompile Include="console.cpp">
      <Filter>Source Files\Console</Filter>
    </ClCompile>
    <ClCompile Include="console_functions.cpp">
      <Filter>Source Files\Console</Filter>
    </ClCompile>
    <ClCompile Include="state.cpp">
      <Filter>Source Files\State</Filter>
    </ClCompile>
    <ClCompile Include="state_leveleditor.cpp">
      <Filter>Source Files\State</Filter>
    </ClCompile>
    <ClCompile Include="mapviewer.cpp">
      <Filter>Source Files</Filter>
    </ClCompile>
    <ClCompile Include="datastream.cpp">
      <Filter>Source Files</Filter>
    </ClCompile>
    <ClCompile Include="controller.cpp">
      <Filter>Source Files</Filter>
    </ClCompile>
    <ClCompile Include="controller_general.h">
      <Filter>Header Files\Utility\Controller</Filter>
    </ClCompile>
    <ClCompile Include="network.cpp">
      <Filter>Source Files</Filter>
    </ClCompile>
  </ItemGroup>
  <ItemGroup>
    <ClInclude Include="resource_manager.h">
      <Filter>Header Files\Resource</Filter>
    </ClInclude>
    <ClInclude Include="texture_manager.h">
      <Filter>Header Files\Resource</Filter>
    </ClInclude>
    <ClInclude Include="unit.h">
      <Filter>Header Files\Unit</Filter>
    </ClInclude>
    <ClInclude Include="global.h">
      <Filter>Header Files</Filter>
    </ClInclude>
    <ClInclude Include="unit_infantry.h">
      <Filter>Header Files\Unit</Filter>
    </ClInclude>
    <ClInclude Include="team.h">
      <Filter>Header Files</Filter>
    </ClInclude>
    <ClInclude Include="map.h">
      <Filter>Header Files</Filter>
    </ClInclude>
    <ClInclude Include="texture_loader.h">
      <Filter>Header Files\Resource</Filter>
    </ClInclude>
    <ClInclude Include="movement.h">
      <Filter>Header Files</Filter>
    </ClInclude>
    <ClInclude Include="skirmish.h">
      <Filter>Header Files</Filter>
    </ClInclude>
    <ClInclude Include="tile.h">
      <Filter>Header Files\Tile</Filter>
    </ClInclude>
    <ClInclude Include="tile_property.h">
      <Filter>Header Files\Tile</Filter>
    </ClInclude>
    <ClInclude Include="console.h">
      <Filter>Header Files\Console</Filter>
    </ClInclude>
    <ClInclude Include="console_functions.h">
      <Filter>Header Files\Console</Filter>
    </ClInclude>
    <ClInclude Include="state.h">
      <Filter>Header Files\State</Filter>
    </ClInclude>
    <ClInclude Include="state_leveleditor.h">
      <Filter>Header Files\State</Filter>
    </ClInclude>
    <ClInclude Include="tile_plain.h">
      <Filter>Header Files\Tile\Terrain</Filter>
    </ClInclude>
    <ClInclude Include="tile_road.h">
      <Filter>Header Files\Tile\Terrain</Filter>
    </ClInclude>
    <ClInclude Include="mapviewer.h">
      <Filter>Header Files</Filter>
    </ClInclude>
    <ClInclude Include="console_command.h">
      <Filter>Header Files\Console</Filter>
    </ClInclude>
    <ClInclude Include="reference.h">
      <Filter>Header Files\Utility</Filter>
    </ClInclude>
    <ClInclude Include="datastream.h">
      <Filter>Header Files\Serialization</Filter>
    </ClInclude>
    <ClInclude Include="serializable.h">
      <Filter>Header Files\Serialization</Filter>
    </ClInclude>
    <ClInclude Include="filestream.h">
      <Filter>Header Files\Serialization</Filter>
    </ClInclude>
    <ClInclude Include="packetstream.h">
      <Filter>Header Files\Serialization</Filter>
    </ClInclude>
    <ClInclude Include="controller_key.h">
      <Filter>Header Files\Utility\Controller</Filter>
    </ClInclude>
    <ClInclude Include="controller_mouse.h">
      <Filter>Header Files\Utility\Controller</Filter>
    </ClInclude>
    <ClInclude Include="controller_text.h">
      <Filter>Header Files\Utility\Controller</Filter>
    </ClInclude>
    <ClInclude Include="listener_general.h">
      <Filter>Header Files\Utility\Listener</Filter>
    </ClInclude>
    <ClInclude Include="listener_key.h">
      <Filter>Header Files\Utility\Listener</Filter>
    </ClInclude>
    <ClInclude Include="listener_mouse.h">
      <Filter>Header Files\Utility\Listener</Filter>
    </ClInclude>
    <ClInclude Include="listener_text.h">
      <Filter>Header Files\Utility\Listener</Filter>
    </ClInclude>
    <ClInclude Include="host.h">
      <Filter>Header Files\Network</Filter>
    </ClInclude>
    <ClInclude Include="client.h">
      <Filter>Header Files\Network</Filter>
    </ClInclude>
    <ClInclude Include="state_multileveleditor.h">
      <Filter>Header Files\State</Filter>
    </ClInclude>
  </ItemGroup>
</Project>